// !$*UTF8*$!
{
	archiveVersion = 1;
	classes = {
	};
	objectVersion = 46;
	objects = {

/* Begin PBXBuildFile section */
		9AFDF5521596169D0098BA1F /* Cocoa.framework in Frameworks */ = {isa = PBXBuildFile; fileRef = 9AFDF5511596169D0098BA1F /* Cocoa.framework */; };
		9AFDF55C1596169E0098BA1F /* InfoPlist.strings in Resources */ = {isa = PBXBuildFile; fileRef = 9AFDF55A1596169E0098BA1F /* InfoPlist.strings */; };
		9AFDF55E1596169E0098BA1F /* main.m in Sources */ = {isa = PBXBuildFile; fileRef = 9AFDF55D1596169E0098BA1F /* main.m */; };
		9AFDF5621596169E0098BA1F /* Credits.rtf in Resources */ = {isa = PBXBuildFile; fileRef = 9AFDF5601596169E0098BA1F /* Credits.rtf */; };
		9AFDF5651596169E0098BA1F /* AppDelegate.m in Sources */ = {isa = PBXBuildFile; fileRef = 9AFDF5641596169E0098BA1F /* AppDelegate.m */; };
		9AFDF5681596169E0098BA1F /* MainMenu.xib in Resources */ = {isa = PBXBuildFile; fileRef = 9AFDF5661596169E0098BA1F /* MainMenu.xib */; };
		9AFDF5701596169E0098BA1F /* SenTestingKit.framework in Frameworks */ = {isa = PBXBuildFile; fileRef = 9AFDF56F1596169E0098BA1F /* SenTestingKit.framework */; };
		9AFDF5711596169E0098BA1F /* Cocoa.framework in Frameworks */ = {isa = PBXBuildFile; fileRef = 9AFDF5511596169D0098BA1F /* Cocoa.framework */; };
		9AFDF5791596169F0098BA1F /* InfoPlist.strings in Resources */ = {isa = PBXBuildFile; fileRef = 9AFDF5771596169F0098BA1F /* InfoPlist.strings */; };
		9AFDF57C1596169F0098BA1F /* HelloWorldDesktopTests.m in Sources */ = {isa = PBXBuildFile; fileRef = 9AFDF57B1596169F0098BA1F /* HelloWorldDesktopTests.m */; };
/* End PBXBuildFile section */

/* Begin PBXContainerItemProxy section */
		9AFDF5721596169E0098BA1F /* PBXContainerItemProxy */ = {
			isa = PBXContainerItemProxy;
			containerPortal = 9AFDF5441596169D0098BA1F /* Project object */;
			proxyType = 1;
			remoteGlobalIDString = 9AFDF54C1596169D0098BA1F;
			remoteInfo = HelloWorldDesktop;
		};
/* End PBXContainerItemProxy section */

/* Begin PBXFileReference section */
		9AFDF54D1596169D0098BA1F /* HelloWorldDesktop.app */ = {isa = PBXFileReference; explicitFileType = wrapper.application; includeInIndex = 0; path = HelloWorldDesktop.app; sourceTree = BUILT_PRODUCTS_DIR; };
		9AFDF5511596169D0098BA1F /* Cocoa.framework */ = {isa = PBXFileReference; lastKnownFileType = wrapper.framework; name = Cocoa.framework; path = System/Library/Frameworks/Cocoa.framework; sourceTree = SDKROOT; };
		9AFDF5541596169D0098BA1F /* AppKit.framework */ = {isa = PBXFileReference; lastKnownFileType = wrapper.framework; name = AppKit.framework; path = System/Library/Frameworks/AppKit.framework; sourceTree = SDKROOT; };
		9AFDF5551596169D0098BA1F /* CoreData.framework */ = {isa = PBXFileReference; lastKnownFileType = wrapper.framework; name = CoreData.framework; path = System/Library/Frameworks/CoreData.framework; sourceTree = SDKROOT; };
		9AFDF5561596169D0098BA1F /* Foundation.framework */ = {isa = PBXFileReference; lastKnownFileType = wrapper.framework; name = Foundation.framework; path = System/Library/Frameworks/Foundation.framework; sourceTree = SDKROOT; };
		9AFDF5591596169E0098BA1F /* HelloWorldDesktop-Info.plist */ = {isa = PBXFileReference; lastKnownFileType = text.plist.xml; path = "HelloWorldDesktop-Info.plist"; sourceTree = "<group>"; };
		9AFDF55B1596169E0098BA1F /* en */ = {isa = PBXFileReference; lastKnownFileType = text.plist.strings; name = en; path = en.lproj/InfoPlist.strings; sourceTree = "<group>"; };
		9AFDF55D1596169E0098BA1F /* main.m */ = {isa = PBXFileReference; lastKnownFileType = sourcecode.c.objc; path = main.m; sourceTree = "<group>"; };
		9AFDF55F1596169E0098BA1F /* HelloWorldDesktop-Prefix.pch */ = {isa = PBXFileReference; lastKnownFileType = sourcecode.c.h; path = "HelloWorldDesktop-Prefix.pch"; sourceTree = "<group>"; };
		9AFDF5611596169E0098BA1F /* en */ = {isa = PBXFileReference; lastKnownFileType = text.rtf; name = en; path = en.lproj/Credits.rtf; sourceTree = "<group>"; };
		9AFDF5631596169E0098BA1F /* AppDelegate.h */ = {isa = PBXFileReference; lastKnownFileType = sourcecode.c.h; path = AppDelegate.h; sourceTree = "<group>"; };
		9AFDF5641596169E0098BA1F /* AppDelegate.m */ = {isa = PBXFileReference; lastKnownFileType = sourcecode.c.objc; path = AppDelegate.m; sourceTree = "<group>"; };
		9AFDF5671596169E0098BA1F /* en */ = {isa = PBXFileReference; lastKnownFileType = file.xib; name = en; path = en.lproj/MainMenu.xib; sourceTree = "<group>"; };
		9AFDF56E1596169E0098BA1F /* HelloWorldDesktopTests.octest */ = {isa = PBXFileReference; explicitFileType = wrapper.cfbundle; includeInIndex = 0; path = HelloWorldDesktopTests.octest; sourceTree = BUILT_PRODUCTS_DIR; };
		9AFDF56F1596169E0098BA1F /* SenTestingKit.framework */ = {isa = PBXFileReference; lastKnownFileType = wrapper.framework; name = SenTestingKit.framework; path = Library/Frameworks/SenTestingKit.framework; sourceTree = DEVELOPER_DIR; };
		9AFDF5761596169F0098BA1F /* HelloWorldDesktopTests-Info.plist */ = {isa = PBXFileReference; lastKnownFileType = text.plist.xml; path = "HelloWorldDesktopTests-Info.plist"; sourceTree = "<group>"; };
		9AFDF5781596169F0098BA1F /* en */ = {isa = PBXFileReference; lastKnownFileType = text.plist.strings; name = en; path = en.lproj/InfoPlist.strings; sourceTree = "<group>"; };
		9AFDF57A1596169F0098BA1F /* HelloWorldDesktopTests.h */ = {isa = PBXFileReference; lastKnownFileType = sourcecode.c.h; path = HelloWorldDesktopTests.h; sourceTree = "<group>"; };
		9AFDF57B1596169F0098BA1F /* HelloWorldDesktopTests.m */ = {isa = PBXFileReference; lastKnownFileType = sourcecode.c.objc; path = HelloWorldDesktopTests.m; sourceTree = "<group>"; };
/* End PBXFileReference section */

/* Begin PBXFrameworksBuildPhase section */
		9AFDF54A1596169D0098BA1F /* Frameworks */ = {
			isa = PBXFrameworksBuildPhase;
			buildActionMask = 2147483647;
			files = (
				9AFDF5521596169D0098BA1F /* Cocoa.framework in Frameworks */,
			);
			runOnlyForDeploymentPostprocessing = 0;
		};
		9AFDF56A1596169E0098BA1F /* Frameworks */ = {
			isa = PBXFrameworksBuildPhase;
			buildActionMask = 2147483647;
			files = (
				9AFDF5701596169E0098BA1F /* SenTestingKit.framework in Frameworks */,
				9AFDF5711596169E0098BA1F /* Cocoa.framework in Frameworks */,
			);
			runOnlyForDeploymentPostprocessing = 0;
		};
/* End PBXFrameworksBuildPhase section */

/* Begin PBXGroup section */
		9AFDF5421596169C0098BA1F = {
			isa = PBXGroup;
			children = (
				9AFDF5571596169E0098BA1F /* HelloWorldDesktop */,
				9AFDF5741596169E0098BA1F /* HelloWorldDesktopTests */,
				9AFDF5501596169D0098BA1F /* Frameworks */,
				9AFDF54E1596169D0098BA1F /* Products */,
			);
			sourceTree = "<group>";
		};
		9AFDF54E1596169D0098BA1F /* Products */ = {
			isa = PBXGroup;
			children = (
				9AFDF54D1596169D0098BA1F /* HelloWorldDesktop.app */,
				9AFDF56E1596169E0098BA1F /* HelloWorldDesktopTests.octest */,
			);
			name = Products;
			sourceTree = "<group>";
		};
		9AFDF5501596169D0098BA1F /* Frameworks */ = {
			isa = PBXGroup;
			children = (
				9AFDF5511596169D0098BA1F /* Cocoa.framework */,
				9AFDF56F1596169E0098BA1F /* SenTestingKit.framework */,
				9AFDF5531596169D0098BA1F /* Other Frameworks */,
			);
			name = Frameworks;
			sourceTree = "<group>";
		};
		9AFDF5531596169D0098BA1F /* Other Frameworks */ = {
			isa = PBXGroup;
			children = (
				9AFDF5541596169D0098BA1F /* AppKit.framework */,
				9AFDF5551596169D0098BA1F /* CoreData.framework */,
				9AFDF5561596169D0098BA1F /* Foundation.framework */,
			);
			name = "Other Frameworks";
			sourceTree = "<group>";
		};
		9AFDF5571596169E0098BA1F /* HelloWorldDesktop */ = {
			isa = PBXGroup;
			children = (
				9AFDF5631596169E0098BA1F /* AppDelegate.h */,
				9AFDF5641596169E0098BA1F /* AppDelegate.m */,
				9AFDF5661596169E0098BA1F /* MainMenu.xib */,
				9AFDF5581596169E0098BA1F /* Supporting Files */,
			);
			path = HelloWorldDesktop;
			sourceTree = "<group>";
		};
		9AFDF5581596169E0098BA1F /* Supporting Files */ = {
			isa = PBXGroup;
			children = (
				9AFDF5591596169E0098BA1F /* HelloWorldDesktop-Info.plist */,
				9AFDF55A1596169E0098BA1F /* InfoPlist.strings */,
				9AFDF55D1596169E0098BA1F /* main.m */,
				9AFDF55F1596169E0098BA1F /* HelloWorldDesktop-Prefix.pch */,
				9AFDF5601596169E0098BA1F /* Credits.rtf */,
			);
			name = "Supporting Files";
			sourceTree = "<group>";
		};
		9AFDF5741596169E0098BA1F /* HelloWorldDesktopTests */ = {
			isa = PBXGroup;
			children = (
				9AFDF57A1596169F0098BA1F /* HelloWorldDesktopTests.h */,
				9AFDF57B1596169F0098BA1F /* HelloWorldDesktopTests.m */,
				9AFDF5751596169F0098BA1F /* Supporting Files */,
			);
			path = HelloWorldDesktopTests;
			sourceTree = "<group>";
		};
		9AFDF5751596169F0098BA1F /* Supporting Files */ = {
			isa = PBXGroup;
			children = (
				9AFDF5761596169F0098BA1F /* HelloWorldDesktopTests-Info.plist */,
				9AFDF5771596169F0098BA1F /* InfoPlist.strings */,
			);
			name = "Supporting Files";
			sourceTree = "<group>";
		};
/* End PBXGroup section */

/* Begin PBXNativeTarget section */
		9AFDF54C1596169D0098BA1F /* HelloWorldDesktop */ = {
			isa = PBXNativeTarget;
			buildConfigurationList = 9AFDF57F1596169F0098BA1F /* Build configuration list for PBXNativeTarget "HelloWorldDesktop" */;
			buildPhases = (
				9AFDF5491596169D0098BA1F /* Sources */,
				9AFDF54A1596169D0098BA1F /* Frameworks */,
				9AFDF54B1596169D0098BA1F /* Resources */,
			);
			buildRules = (
			);
			dependencies = (
			);
			name = HelloWorldDesktop;
			productName = HelloWorldDesktop;
			productReference = 9AFDF54D1596169D0098BA1F /* HelloWorldDesktop.app */;
			productType = "com.apple.product-type.application";
		};
		9AFDF56D1596169E0098BA1F /* HelloWorldDesktopTests */ = {
			isa = PBXNativeTarget;
			buildConfigurationList = 9AFDF5821596169F0098BA1F /* Build configuration list for PBXNativeTarget "HelloWorldDesktopTests" */;
			buildPhases = (
				9AFDF5691596169E0098BA1F /* Sources */,
				9AFDF56A1596169E0098BA1F /* Frameworks */,
				9AFDF56B1596169E0098BA1F /* Resources */,
				9AFDF56C1596169E0098BA1F /* ShellScript */,
			);
			buildRules = (
			);
			dependencies = (
				9AFDF5731596169E0098BA1F /* PBXTargetDependency */,
			);
			name = HelloWorldDesktopTests;
			productName = HelloWorldDesktopTests;
			productReference = 9AFDF56E1596169E0098BA1F /* HelloWorldDesktopTests.octest */;
			productType = "com.apple.product-type.bundle";
		};
/* End PBXNativeTarget section */

/* Begin PBXProject section */
		9AFDF5441596169D0098BA1F /* Project object */ = {
			isa = PBXProject;
			attributes = {
				LastUpgradeCheck = 0420;
			};
			buildConfigurationList = 9AFDF5471596169D0098BA1F /* Build configuration list for PBXProject "HelloWorldDesktop" */;
			compatibilityVersion = "Xcode 3.2";
			developmentRegion = English;
			hasScannedForEncodings = 0;
			knownRegions = (
				en,
			);
			mainGroup = 9AFDF5421596169C0098BA1F;
			productRefGroup = 9AFDF54E1596169D0098BA1F /* Products */;
			projectDirPath = "";
			projectRoot = "";
			targets = (
				9AFDF54C1596169D0098BA1F /* HelloWorldDesktop */,
				9AFDF56D1596169E0098BA1F /* HelloWorldDesktopTests */,
			);
		};
/* End PBXProject section */

/* Begin PBXResourcesBuildPhase section */
		9AFDF54B1596169D0098BA1F /* Resources */ = {
			isa = PBXResourcesBuildPhase;
			buildActionMask = 2147483647;
			files = (
				9AFDF55C1596169E0098BA1F /* InfoPlist.strings in Resources */,
				9AFDF5621596169E0098BA1F /* Credits.rtf in Resources */,
				9AFDF5681596169E0098BA1F /* MainMenu.xib in Resources */,
			);
			runOnlyForDeploymentPostprocessing = 0;
		};
		9AFDF56B1596169E0098BA1F /* Resources */ = {
			isa = PBXResourcesBuildPhase;
			buildActionMask = 2147483647;
			files = (
				9AFDF5791596169F0098BA1F /* InfoPlist.strings in Resources */,
			);
			runOnlyForDeploymentPostprocessing = 0;
		};
/* End PBXResourcesBuildPhase section */

/* Begin PBXShellScriptBuildPhase section */
		9AFDF56C1596169E0098BA1F /* ShellScript */ = {
			isa = PBXShellScriptBuildPhase;
			buildActionMask = 2147483647;
			files = (
			);
			inputPaths = (
			);
			outputPaths = (
			);
			runOnlyForDeploymentPostprocessing = 0;
			shellPath = /bin/sh;
			shellScript = "# Run the unit tests in this test bundle.\n\"${SYSTEM_DEVELOPER_DIR}/Tools/RunUnitTests\"\n";
		};
/* End PBXShellScriptBuildPhase section */

/* Begin PBXSourcesBuildPhase section */
		9AFDF5491596169D0098BA1F /* Sources */ = {
			isa = PBXSourcesBuildPhase;
			buildActionMask = 2147483647;
			files = (
				9AFDF55E1596169E0098BA1F /* main.m in Sources */,
				9AFDF5651596169E0098BA1F /* AppDelegate.m in Sources */,
			);
			runOnlyForDeploymentPostprocessing = 0;
		};
		9AFDF5691596169E0098BA1F /* Sources */ = {
			isa = PBXSourcesBuildPhase;
			buildActionMask = 2147483647;
			files = (
				9AFDF57C1596169F0098BA1F /* HelloWorldDesktopTests.m in Sources */,
			);
			runOnlyForDeploymentPostprocessing = 0;
		};
/* End PBXSourcesBuildPhase section */

/* Begin PBXTargetDependency section */
		9AFDF5731596169E0098BA1F /* PBXTargetDependency */ = {
			isa = PBXTargetDependency;
			target = 9AFDF54C1596169D0098BA1F /* HelloWorldDesktop */;
			targetProxy = 9AFDF5721596169E0098BA1F /* PBXContainerItemProxy */;
		};
/* End PBXTargetDependency section */

/* Begin PBXVariantGroup section */
		9AFDF55A1596169E0098BA1F /* InfoPlist.strings */ = {
			isa = PBXVariantGroup;
			children = (
				9AFDF55B1596169E0098BA1F /* en */,
			);
			name = InfoPlist.strings;
			sourceTree = "<group>";
		};
		9AFDF5601596169E0098BA1F /* Credits.rtf */ = {
			isa = PBXVariantGroup;
			children = (
				9AFDF5611596169E0098BA1F /* en */,
			);
			name = Credits.rtf;
			sourceTree = "<group>";
		};
		9AFDF5661596169E0098BA1F /* MainMenu.xib */ = {
			isa = PBXVariantGroup;
			children = (
				9AFDF5671596169E0098BA1F /* en */,
			);
			name = MainMenu.xib;
			sourceTree = "<group>";
		};
		9AFDF5771596169F0098BA1F /* InfoPlist.strings */ = {
			isa = PBXVariantGroup;
			children = (
				9AFDF5781596169F0098BA1F /* en */,
			);
			name = InfoPlist.strings;
			sourceTree = "<group>";
		};
/* End PBXVariantGroup section */

/* Begin XCBuildConfiguration section */
		9AFDF57D1596169F0098BA1F /* Debug */ = {
			isa = XCBuildConfiguration;
			buildSettings = {
				ALWAYS_SEARCH_USER_PATHS = NO;
				ARCHS = "$(ARCHS_STANDARD_64_BIT)";
				COPY_PHASE_STRIP = NO;
				GCC_C_LANGUAGE_STANDARD = gnu99;
				GCC_DYNAMIC_NO_PIC = NO;
				GCC_ENABLE_OBJC_EXCEPTIONS = YES;
				GCC_OPTIMIZATION_LEVEL = 0;
				GCC_PREPROCESSOR_DEFINITIONS = (
					"DEBUG=1",
					"$(inherited)",
				);
				GCC_SYMBOLS_PRIVATE_EXTERN = NO;
				GCC_VERSION = com.apple.compilers.llvm.clang.1_0;
				GCC_WARN_64_TO_32_BIT_CONVERSION = YES;
				GCC_WARN_ABOUT_MISSING_PROTOTYPES = YES;
				GCC_WARN_ABOUT_RETURN_TYPE = YES;
				GCC_WARN_UNUSED_VARIABLE = YES;
				MACOSX_DEPLOYMENT_TARGET = 10.6;
				ONLY_ACTIVE_ARCH = YES;
				SDKROOT = macosx;
			};
			name = Debug;
		};
		9AFDF57E1596169F0098BA1F /* Release */ = {
			isa = XCBuildConfiguration;
			buildSettings = {
				ALWAYS_SEARCH_USER_PATHS = NO;
				ARCHS = "$(ARCHS_STANDARD_64_BIT)";
				COPY_PHASE_STRIP = YES;
				DEBUG_INFORMATION_FORMAT = "dwarf-with-dsym";
				GCC_C_LANGUAGE_STANDARD = gnu99;
				GCC_ENABLE_OBJC_EXCEPTIONS = YES;
				GCC_VERSION = com.apple.compilers.llvm.clang.1_0;
				GCC_WARN_64_TO_32_BIT_CONVERSION = YES;
				GCC_WARN_ABOUT_MISSING_PROTOTYPES = YES;
				GCC_WARN_ABOUT_RETURN_TYPE = YES;
				GCC_WARN_UNUSED_VARIABLE = YES;
				MACOSX_DEPLOYMENT_TARGET = 10.6;
				SDKROOT = macosx;
			};
			name = Release;
		};
		9AFDF5801596169F0098BA1F /* Debug */ = {
			isa = XCBuildConfiguration;
			buildSettings = {
				GCC_PRECOMPILE_PREFIX_HEADER = YES;
				GCC_PREFIX_HEADER = "HelloWorldDesktop/HelloWorldDesktop-Prefix.pch";
				INFOPLIST_FILE = "HelloWorldDesktop/HelloWorldDesktop-Info.plist";
				PRODUCT_NAME = "$(TARGET_NAME)";
				WRAPPER_EXTENSION = app;
			};
			name = Debug;
		};
		9AFDF5811596169F0098BA1F /* Release */ = {
			isa = XCBuildConfiguration;
			buildSettings = {
				GCC_PRECOMPILE_PREFIX_HEADER = YES;
				GCC_PREFIX_HEADER = "HelloWorldDesktop/HelloWorldDesktop-Prefix.pch";
				INFOPLIST_FILE = "HelloWorldDesktop/HelloWorldDesktop-Info.plist";
				PRODUCT_NAME = "$(TARGET_NAME)";
				WRAPPER_EXTENSION = app;
			};
			name = Release;
		};
		9AFDF5831596169F0098BA1F /* Debug */ = {
			isa = XCBuildConfiguration;
			buildSettings = {
				BUNDLE_LOADER = "$(BUILT_PRODUCTS_DIR)/HelloWorldDesktop.app/Contents/MacOS/HelloWorldDesktop";
				FRAMEWORK_SEARCH_PATHS = "$(DEVELOPER_LIBRARY_DIR)/Frameworks";
				GCC_PRECOMPILE_PREFIX_HEADER = YES;
				GCC_PREFIX_HEADER = "HelloWorldDesktop/HelloWorldDesktop-Prefix.pch";
				INFOPLIST_FILE = "HelloWorldDesktopTests/HelloWorldDesktopTests-Info.plist";
				PRODUCT_NAME = "$(TARGET_NAME)";
				TEST_HOST = "$(BUNDLE_LOADER)";
				WRAPPER_EXTENSION = octest;
			};
			name = Debug;
		};
		9AFDF5841596169F0098BA1F /* Release */ = {
			isa = XCBuildConfiguration;
			buildSettings = {
				BUNDLE_LOADER = "$(BUILT_PRODUCTS_DIR)/HelloWorldDesktop.app/Contents/MacOS/HelloWorldDesktop";
				FRAMEWORK_SEARCH_PATHS = "$(DEVELOPER_LIBRARY_DIR)/Frameworks";
				GCC_PRECOMPILE_PREFIX_HEADER = YES;
				GCC_PREFIX_HEADER = "HelloWorldDesktop/HelloWorldDesktop-Prefix.pch";
				INFOPLIST_FILE = "HelloWorldDesktopTests/HelloWorldDesktopTests-Info.plist";
				PRODUCT_NAME = "$(TARGET_NAME)";
				TEST_HOST = "$(BUNDLE_LOADER)";
				WRAPPER_EXTENSION = octest;
			};
			name = Release;
		};
/* End XCBuildConfiguration section */

/* Begin XCConfigurationList section */
		9AFDF5471596169D0098BA1F /* Build configuration list for PBXProject "HelloWorldDesktop" */ = {
			isa = XCConfigurationList;
			buildConfigurations = (
				9AFDF57D1596169F0098BA1F /* Debug */,
				9AFDF57E1596169F0098BA1F /* Release */,
			);
			defaultConfigurationIsVisible = 0;
			defaultConfigurationName = Release;
		};
		9AFDF57F1596169F0098BA1F /* Build configuration list for PBXNativeTarget "HelloWorldDesktop" */ = {
			isa = XCConfigurationList;
			buildConfigurations = (
				9AFDF5801596169F0098BA1F /* Debug */,
				9AFDF5811596169F0098BA1F /* Release */,
			);
			defaultConfigurationIsVisible = 0;
		};
		9AFDF5821596169F0098BA1F /* Build configuration list for PBXNativeTarget "HelloWorldDesktopTests" */ = {
			isa = XCConfigurationList;
			buildConfigurations = (
				9AFDF5831596169F0098BA1F /* Debug */,
				9AFDF5841596169F0098BA1F /* Release */,
			);
			defaultConfigurationIsVisible = 0;
		};
/* End XCConfigurationList section */
	};
	rootObject = 9AFDF5441596169D0098BA1F /* Project object */;
}
